
Microsoft Visual Studio Solution File, Format Version 12.00
# Visual Studio Version 17
VisualStudioVersion = 17.2.32516.85
MinimumVisualStudioVersion = 10.0.40219.1
Project("{9A19103F-16F7-4668-BE54-9A1E7A4F7556}") = "FizeRegistration.Client", "FizeRegistration\Client\FizeRegistration.Client.csproj", "{C7B543FD-FDC6-487C-A770-0E219125F548}"
EndProject
Project("{9A19103F-16F7-4668-BE54-9A1E7A4F7556}") = "FizeRegistration.Common", "FizeRegistration\FizeRegistration.Common\FizeRegistration.Common.csproj", "{A41DFD3F-6499-4E42-B612-1CF3174A870A}"
EndProject
Project("{9A19103F-16F7-4668-BE54-9A1E7A4F7556}") = "FizeRegistration.DataBases", "FizeRegistration\FizeRegistration.DataBases\FizeRegistration.DataBases.csproj", "{586140AC-86D6-487F-AC5A-18DE5BB29F8F}"
EndProject
Project("{9A19103F-16F7-4668-BE54-9A1E7A4F7556}") = "FizeRegistration.Domain", "FizeRegistration\FizeRegistration.Domain\FizeRegistration.Domain.csproj", "{454C2613-F0BD-4C0D-BC07-41498428DD63}"
EndProject
Project("{9A19103F-16F7-4668-BE54-9A1E7A4F7556}") = "FizeRegistration.Server", "FizeRegistration\FizeRegistration.Server\FizeRegistration.Server.csproj", "{1B710F04-A2E8-40AA-BCD4-C6A1EFDFD287}"
EndProject
Project("{9A19103F-16F7-4668-BE54-9A1E7A4F7556}") = "FizeRegistration.Services", "FizeRegistration\FizeRegistration.Services\FizeRegistration.Services.csproj", "{987A2149-7F91-491E-9A97-089C2D813DD0}"
EndProject
Project("{9A19103F-16F7-4668-BE54-9A1E7A4F7556}") = "FizeRegistration.Shared", "FizeRegistration\Shared\FizeRegistration.Shared.csproj", "{D2A7A5F5-99A6-4FF9-A618-DA47BD68A16A}"
EndProject
Global
	GlobalSection(SolutionConfigurationPlatforms) = preSolution
		Debug|Any CPU = Debug|Any CPU
		Release|Any CPU = Release|Any CPU
	EndGlobalSection
	GlobalSection(ProjectConfigurationPlatforms) = postSolution
		{C7B543FD-FDC6-487C-A770-0E219125F548}.Debug|Any CPU.ActiveCfg = Debug|Any CPU
		{C7B543FD-FDC6-487C-A770-0E219125F548}.Debug|Any CPU.Build.0 = Debug|Any CPU
		{C7B543FD-FDC6-487C-A770-0E219125F548}.Release|Any CPU.ActiveCfg = Release|Any CPU
		{C7B543FD-FDC6-487C-A770-0E219125F548}.Release|Any CPU.Build.0 = Release|Any CPU
		{A41DFD3F-6499-4E42-B612-1CF3174A870A}.Debug|Any CPU.ActiveCfg = Debug|Any CPU
		{A41DFD3F-6499-4E42-B612-1CF3174A870A}.Debug|Any CPU.Build.0 = Debug|Any CPU
		{A41DFD3F-6499-4E42-B612-1CF3174A870A}.Release|Any CPU.ActiveCfg = Release|Any CPU
		{A41DFD3F-6499-4E42-B612-1CF3174A870A}.Release|Any CPU.Build.0 = Release|Any CPU
		{586140AC-86D6-487F-AC5A-18DE5BB29F8F}.Debug|Any CPU.ActiveCfg = Debug|Any CPU
		{586140AC-86D6-487F-AC5A-18DE5BB29F8F}.Debug|Any CPU.Build.0 = Debug|Any CPU
		{586140AC-86D6-487F-AC5A-18DE5BB29F8F}.Release|Any CPU.ActiveCfg = Release|Any CPU
		{586140AC-86D6-487F-AC5A-18DE5BB29F8F}.Release|Any CPU.Build.0 = Release|Any CPU
		{454C2613-F0BD-4C0D-BC07-41498428DD63}.Debug|Any CPU.ActiveCfg = Debug|Any CPU
		{454C2613-F0BD-4C0D-BC07-41498428DD63}.Debug|Any CPU.Build.0 = Debug|Any CPU
		{454C2613-F0BD-4C0D-BC07-41498428DD63}.Release|Any CPU.ActiveCfg = Release|Any CPU
		{454C2613-F0BD-4C0D-BC07-41498428DD63}.Release|Any CPU.Build.0 = Release|Any CPU
		{1B710F04-A2E8-40AA-BCD4-C6A1EFDFD287}.Debug|Any CPU.ActiveCfg = Debug|Any CPU
		{1B710F04-A2E8-40AA-BCD4-C6A1EFDFD287}.Debug|Any CPU.Build.0 = Debug|Any CPU
		{1B710F04-A2E8-40AA-BCD4-C6A1EFDFD287}.Release|Any CPU.ActiveCfg = Release|Any CPU
		{1B710F04-A2E8-40AA-BCD4-C6A1EFDFD287}.Release|Any CPU.Build.0 = Release|Any CPU
		{987A2149-7F91-491E-9A97-089C2D813DD0}.Debug|Any CPU.ActiveCfg = Debug|Any CPU
		{987A2149-7F91-491E-9A97-089C2D813DD0}.Debug|Any CPU.Build.0 = Debug|Any CPU
		{987A2149-7F91-491E-9A97-089C2D813DD0}.Release|Any CPU.ActiveCfg = Release|Any CPU
		{987A2149-7F91-491E-9A97-089C2D813DD0}.Release|Any CPU.Build.0 = Release|Any CPU
		{D2A7A5F5-99A6-4FF9-A618-DA47BD68A16A}.Debug|Any CPU.ActiveCfg = Debug|Any CPU
		{D2A7A5F5-99A6-4FF9-A618-DA47BD68A16A}.Debug|Any CPU.Build.0 = Debug|Any CPU
		{D2A7A5F5-99A6-4FF9-A618-DA47BD68A16A}.Release|Any CPU.ActiveCfg = Release|Any CPU
		{D2A7A5F5-99A6-4FF9-A618-DA47BD68A16A}.Release|Any CPU.Build.0 = Release|Any CPU
	EndGlobalSection
	GlobalSection(SolutionProperties) = preSolution
		HideSolutionNode = FALSE
	EndGlobalSection
	GlobalSection(ExtensibilityGlobals) = postSolution
		SolutionGuid = {1991CCAF-3DED-45C7-8753-208D8017BE51}
	EndGlobalSection
EndGlobal
