
Microsoft Visual Studio Solution File, Format Version 12.00
# Visual Studio Version 17
VisualStudioVersion = 17.2.32516.85
MinimumVisualStudioVersion = 10.0.40219.1
Project("{9A19103F-16F7-4668-BE54-9A1E7A4F7556}") = "FizeRegistration.Server", "FizeRegistration\Server\FizeRegistration.Server.csproj", "{AC6C8C24-3F2E-4628-8888-61B441AEA68E}"
EndProject
Project("{9A19103F-16F7-4668-BE54-9A1E7A4F7556}") = "FizeRegistration.Client", "FizeRegistration\Client\FizeRegistration.Client.csproj", "{C7B543FD-FDC6-487C-A770-0E219125F548}"
EndProject
Project("{9A19103F-16F7-4668-BE54-9A1E7A4F7556}") = "FizeRegistration.Shared", "FizeRegistration\Shared\FizeRegistration.Shared.csproj", "{48781F0D-0FB8-4D26-AC0B-C5CE3F4D9359}"
EndProject
Project("{9A19103F-16F7-4668-BE54-9A1E7A4F7556}") = "FizeRegistration.Logic", "FizeRegistration.Logic\FizeRegistration.Logic.csproj", "{0620B5A1-8B94-4C39-B35E-94C1A0CC6EDD}"
EndProject
Project("{9A19103F-16F7-4668-BE54-9A1E7A4F7556}") = "FizeRegistration.Common", "FizeRegistration.Common\FizeRegistration.Common.csproj", "{B692C734-C28B-49CE-91FA-35F2B88D6776}"
EndProject
Global
	GlobalSection(SolutionConfigurationPlatforms) = preSolution
		Debug|Any CPU = Debug|Any CPU
		Release|Any CPU = Release|Any CPU
	EndGlobalSection
	GlobalSection(ProjectConfigurationPlatforms) = postSolution
		{AC6C8C24-3F2E-4628-8888-61B441AEA68E}.Debug|Any CPU.ActiveCfg = Debug|Any CPU
		{AC6C8C24-3F2E-4628-8888-61B441AEA68E}.Debug|Any CPU.Build.0 = Debug|Any CPU
		{AC6C8C24-3F2E-4628-8888-61B441AEA68E}.Release|Any CPU.ActiveCfg = Release|Any CPU
		{AC6C8C24-3F2E-4628-8888-61B441AEA68E}.Release|Any CPU.Build.0 = Release|Any CPU
		{C7B543FD-FDC6-487C-A770-0E219125F548}.Debug|Any CPU.ActiveCfg = Debug|Any CPU
		{C7B543FD-FDC6-487C-A770-0E219125F548}.Debug|Any CPU.Build.0 = Debug|Any CPU
		{C7B543FD-FDC6-487C-A770-0E219125F548}.Release|Any CPU.ActiveCfg = Release|Any CPU
		{C7B543FD-FDC6-487C-A770-0E219125F548}.Release|Any CPU.Build.0 = Release|Any CPU
		{48781F0D-0FB8-4D26-AC0B-C5CE3F4D9359}.Debug|Any CPU.ActiveCfg = Debug|Any CPU
		{48781F0D-0FB8-4D26-AC0B-C5CE3F4D9359}.Debug|Any CPU.Build.0 = Debug|Any CPU
		{48781F0D-0FB8-4D26-AC0B-C5CE3F4D9359}.Release|Any CPU.ActiveCfg = Release|Any CPU
		{48781F0D-0FB8-4D26-AC0B-C5CE3F4D9359}.Release|Any CPU.Build.0 = Release|Any CPU
		{0620B5A1-8B94-4C39-B35E-94C1A0CC6EDD}.Debug|Any CPU.ActiveCfg = Debug|Any CPU
		{0620B5A1-8B94-4C39-B35E-94C1A0CC6EDD}.Debug|Any CPU.Build.0 = Debug|Any CPU
		{0620B5A1-8B94-4C39-B35E-94C1A0CC6EDD}.Release|Any CPU.ActiveCfg = Release|Any CPU
		{0620B5A1-8B94-4C39-B35E-94C1A0CC6EDD}.Release|Any CPU.Build.0 = Release|Any CPU
		{B692C734-C28B-49CE-91FA-35F2B88D6776}.Debug|Any CPU.ActiveCfg = Debug|Any CPU
		{B692C734-C28B-49CE-91FA-35F2B88D6776}.Debug|Any CPU.Build.0 = Debug|Any CPU
		{B692C734-C28B-49CE-91FA-35F2B88D6776}.Release|Any CPU.ActiveCfg = Release|Any CPU
		{B692C734-C28B-49CE-91FA-35F2B88D6776}.Release|Any CPU.Build.0 = Release|Any CPU
	EndGlobalSection
	GlobalSection(SolutionProperties) = preSolution
		HideSolutionNode = FALSE
	EndGlobalSection
	GlobalSection(ExtensibilityGlobals) = postSolution
		SolutionGuid = {1991CCAF-3DED-45C7-8753-208D8017BE51}
	EndGlobalSection
EndGlobal
